
Microsoft Visual Studio Solution File, Format Version 12.00
# Visual Studio Version 17
VisualStudioVersion = 17.6.33801.468
MinimumVisualStudioVersion = 10.0.40219.1
Project("{FAE04EC0-301F-11D3-BF4B-00C04F79EFBC}") = "MusicStoreApi", "MusicStoreApi.csproj", "{10EB9206-4FA8-4E44-AC2E-36BE6AE0B775}"
EndProject
Global
	GlobalSection(SolutionConfigurationPlatforms) = preSolution
		Debug|Any CPU = Debug|Any CPU
		Release|Any CPU = Release|Any CPU
	EndGlobalSection
	GlobalSection(ProjectConfigurationPlatforms) = postSolution
		{10EB9206-4FA8-4E44-AC2E-36BE6AE0B775}.Debug|Any CPU.ActiveCfg = Debug|Any CPU
		{10EB9206-4FA8-4E44-AC2E-36BE6AE0B775}.Debug|Any CPU.Build.0 = Debug|Any CPU
		{10EB9206-4FA8-4E44-AC2E-36BE6AE0B775}.Release|Any CPU.ActiveCfg = Release|Any CPU
		{10EB9206-4FA8-4E44-AC2E-36BE6AE0B775}.Release|Any CPU.Build.0 = Release|Any CPU
	EndGlobalSection
	GlobalSection(SolutionProperties) = preSolution
		HideSolutionNode = FALSE
	EndGlobalSection
	GlobalSection(ExtensibilityGlobals) = postSolution
		SolutionGuid = {0E71F5BA-873D-4270-83F2-1682174203B8}
	EndGlobalSection
EndGlobal
